// !$*UTF8*$!
{
	archiveVersion = 1;
	classes = {
	};
	objectVersion = 46;
	objects = {

/* Begin PBXBuildFile section */
		3E57F4E81DFB0EE600D9E189 /* glext.h in Headers */ = {isa = PBXBuildFile; fileRef = 3E57F1451DFB0EE500D9E189 /* glext.h */; };
		3E57F4E91DFB0EE600D9E189 /* wglext.h in Headers */ = {isa = PBXBuildFile; fileRef = 3E57F1461DFB0EE500D9E189 /* wglext.h */; };
		3E57F6131DFB0EE700D9E189 /* pugiconfig.hpp in Headers */ = {isa = PBXBuildFile; fileRef = 3E57F2D91DFB0EE500D9E189 /* pugiconfig.hpp */; };
		3E57F6141DFB0EE700D9E189 /* pugixml.cpp in Sources */ = {isa = PBXBuildFile; fileRef = 3E57F2DA1DFB0EE500D9E189 /* pugixml.cpp */; };
		3E57F6151DFB0EE700D9E189 /* pugixml.hpp in Headers */ = {isa = PBXBuildFile; fileRef = 3E57F2DB1DFB0EE500D9E189 /* pugixml.hpp */; };
		3E57F8981DFB14C500D9E189 /* png.c in Sources */ = {isa = PBXBuildFile; fileRef = 3E57F8651DFB14C500D9E189 /* png.c */; };
		3E57F8991DFB14C500D9E189 /* png.h in Headers */ = {isa = PBXBuildFile; fileRef = 3E57F8661DFB14C500D9E189 /* png.h */; };
		3E57F89A1DFB14C500D9E189 /* pngconf.h in Headers */ = {isa = PBXBuildFile; fileRef = 3E57F8671DFB14C500D9E189 /* pngconf.h */; };
		3E57F89B1DFB14C500D9E189 /* pngerror.c in Sources */ = {isa = PBXBuildFile; fileRef = 3E57F8681DFB14C500D9E189 /* pngerror.c */; };
		3E57F89C1DFB14C500D9E189 /* pnggccrd.c in Sources */ = {isa = PBXBuildFile; fileRef = 3E57F8691DFB14C500D9E189 /* pnggccrd.c */; };
		3E57F89D1DFB14C500D9E189 /* pngget.c in Sources */ = {isa = PBXBuildFile; fileRef = 3E57F86A1DFB14C500D9E189 /* pngget.c */; };
		3E57F89E1DFB14C500D9E189 /* pngmem.c in Sources */ = {isa = PBXBuildFile; fileRef = 3E57F86B1DFB14C500D9E189 /* pngmem.c */; };
		3E57F89F1DFB14C500D9E189 /* pngpread.c in Sources */ = {isa = PBXBuildFile; fileRef = 3E57F86C1DFB14C500D9E189 /* pngpread.c */; };
		3E57F8A01DFB14C500D9E189 /* pngread.c in Sources */ = {isa = PBXBuildFile; fileRef = 3E57F86D1DFB14C500D9E189 /* pngread.c */; };
		3E57F8A11DFB14C500D9E189 /* pngrio.c in Sources */ = {isa = PBXBuildFile; fileRef = 3E57F86E1DFB14C500D9E189 /* pngrio.c */; };
		3E57F8A21DFB14C500D9E189 /* pngrtran.c in Sources */ = {isa = PBXBuildFile; fileRef = 3E57F86F1DFB14C500D9E189 /* pngrtran.c */; };
		3E57F8A31DFB14C500D9E189 /* pngrutil.c in Sources */ = {isa = PBXBuildFile; fileRef = 3E57F8701DFB14C500D9E189 /* pngrutil.c */; };
		3E57F8A41DFB14C500D9E189 /* pngset.c in Sources */ = {isa = PBXBuildFile; fileRef = 3E57F8711DFB14C500D9E189 /* pngset.c */; };
		3E57F8A51DFB14C500D9E189 /* pngtest.c in Sources */ = {isa = PBXBuildFile; fileRef = 3E57F8721DFB14C500D9E189 /* pngtest.c */; };
		3E57F8A61DFB14C500D9E189 /* pngtrans.c in Sources */ = {isa = PBXBuildFile; fileRef = 3E57F8731DFB14C500D9E189 /* pngtrans.c */; };
		3E57F8A71DFB14C500D9E189 /* pngvcrd.c in Sources */ = {isa = PBXBuildFile; fileRef = 3E57F8741DFB14C500D9E189 /* pngvcrd.c */; };
		3E57F8A81DFB14C500D9E189 /* pngwio.c in Sources */ = {isa = PBXBuildFile; fileRef = 3E57F8751DFB14C500D9E189 /* pngwio.c */; };
		3E57F8A91DFB14C500D9E189 /* pngwrite.c in Sources */ = {isa = PBXBuildFile; fileRef = 3E57F8761DFB14C500D9E189 /* pngwrite.c */; };
		3E57F8AA1DFB14C500D9E189 /* pngwtran.c in Sources */ = {isa = PBXBuildFile; fileRef = 3E57F8771DFB14C500D9E189 /* pngwtran.c */; };
		3E57F8AB1DFB14C500D9E189 /* pngwutil.c in Sources */ = {isa = PBXBuildFile; fileRef = 3E57F8781DFB14C500D9E189 /* pngwutil.c */; };
		3E57F8AC1DFB14C500D9E189 /* adler32.c in Sources */ = {isa = PBXBuildFile; fileRef = 3E57F87A1DFB14C500D9E189 /* adler32.c */; };
		3E57F8AD1DFB14C500D9E189 /* compress.c in Sources */ = {isa = PBXBuildFile; fileRef = 3E57F87B1DFB14C500D9E189 /* compress.c */; };
		3E57F8AE1DFB14C500D9E189 /* crc32.c in Sources */ = {isa = PBXBuildFile; fileRef = 3E57F87C1DFB14C500D9E189 /* crc32.c */; };
		3E57F8AF1DFB14C500D9E189 /* crc32.h in Headers */ = {isa = PBXBuildFile; fileRef = 3E57F87D1DFB14C500D9E189 /* crc32.h */; };
		3E57F8B01DFB14C500D9E189 /* crypt.h in Headers */ = {isa = PBXBuildFile; fileRef = 3E57F87E1DFB14C500D9E189 /* crypt.h */; };
		3E57F8B11DFB14C500D9E189 /* deflate.c in Sources */ = {isa = PBXBuildFile; fileRef = 3E57F87F1DFB14C500D9E189 /* deflate.c */; };
		3E57F8B21DFB14C500D9E189 /* deflate.h in Headers */ = {isa = PBXBuildFile; fileRef = 3E57F8801DFB14C500D9E189 /* deflate.h */; };
		3E57F8B31DFB14C500D9E189 /* gzio.c in Sources */ = {isa = PBXBuildFile; fileRef = 3E57F8811DFB14C500D9E189 /* gzio.c */; };
		3E57F8B41DFB14C500D9E189 /* infback.c in Sources */ = {isa = PBXBuildFile; fileRef = 3E57F8821DFB14C500D9E189 /* infback.c */; };
		3E57F8B51DFB14C500D9E189 /* inffast.c in Sources */ = {isa = PBXBuildFile; fileRef = 3E57F8831DFB14C500D9E189 /* inffast.c */; };
		3E57F8B61DFB14C500D9E189 /* inffast.h in Headers */ = {isa = PBXBuildFile; fileRef = 3E57F8841DFB14C500D9E189 /* inffast.h */; };
		3E57F8B71DFB14C500D9E189 /* inffixed.h in Headers */ = {isa = PBXBuildFile; fileRef = 3E57F8851DFB14C500D9E189 /* inffixed.h */; };
		3E57F8B81DFB14C500D9E189 /* inflate.c in Sources */ = {isa = PBXBuildFile; fileRef = 3E57F8861DFB14C500D9E189 /* inflate.c */; };
		3E57F8B91DFB14C500D9E189 /* inflate.h in Headers */ = {isa = PBXBuildFile; fileRef = 3E57F8871DFB14C500D9E189 /* inflate.h */; };
		3E57F8BA1DFB14C500D9E189 /* inftrees.c in Sources */ = {isa = PBXBuildFile; fileRef = 3E57F8881DFB14C500D9E189 /* inftrees.c */; };
		3E57F8BB1DFB14C500D9E189 /* inftrees.h in Headers */ = {isa = PBXBuildFile; fileRef = 3E57F8891DFB14C500D9E189 /* inftrees.h */; };
		3E57F8BC1DFB14C500D9E189 /* ioapi.c in Sources */ = {isa = PBXBuildFile; fileRef = 3E57F88A1DFB14C500D9E189 /* ioapi.c */; };
		3E57F8BD1DFB14C500D9E189 /* ioapi.h in Headers */ = {isa = PBXBuildFile; fileRef = 3E57F88B1DFB14C500D9E189 /* ioapi.h */; };
		3E57F8BE1DFB14C500D9E189 /* trees.c in Sources */ = {isa = PBXBuildFile; fileRef = 3E57F88C1DFB14C500D9E189 /* trees.c */; };
		3E57F8BF1DFB14C500D9E189 /* trees.h in Headers */ = {isa = PBXBuildFile; fileRef = 3E57F88D1DFB14C500D9E189 /* trees.h */; };
		3E57F8C01DFB14C500D9E189 /* uncompr.c in Sources */ = {isa = PBXBuildFile; fileRef = 3E57F88E1DFB14C500D9E189 /* uncompr.c */; };
		3E57F8C11DFB14C500D9E189 /* unzip.c in Sources */ = {isa = PBXBuildFile; fileRef = 3E57F88F1DFB14C500D9E189 /* unzip.c */; };
		3E57F8C21DFB14C500D9E189 /* unzip.h in Headers */ = {isa = PBXBuildFile; fileRef = 3E57F8901DFB14C500D9E189 /* unzip.h */; };
		3E57F8C31DFB14C500D9E189 /* zconf.h in Headers */ = {isa = PBXBuildFile; fileRef = 3E57F8911DFB14C500D9E189 /* zconf.h */; };
		3E57F8C41DFB14C500D9E189 /* zconf.in.h in Headers */ = {isa = PBXBuildFile; fileRef = 3E57F8921DFB14C500D9E189 /* zconf.in.h */; };
		3E57F8C51DFB14C500D9E189 /* zip.c in Sources */ = {isa = PBXBuildFile; fileRef = 3E57F8931DFB14C500D9E189 /* zip.c */; };
		3E57F8C61DFB14C500D9E189 /* zip.h in Headers */ = {isa = PBXBuildFile; fileRef = 3E57F8941DFB14C500D9E189 /* zip.h */; };
		3E57F8C71DFB14C500D9E189 /* zlib.h in Headers */ = {isa = PBXBuildFile; fileRef = 3E57F8951DFB14C500D9E189 /* zlib.h */; };
		3E57F8C81DFB14C500D9E189 /* zutil.c in Sources */ = {isa = PBXBuildFile; fileRef = 3E57F8961DFB14C500D9E189 /* zutil.c */; };
		3E57F8C91DFB14C500D9E189 /* zutil.h in Headers */ = {isa = PBXBuildFile; fileRef = 3E57F8971DFB14C500D9E189 /* zutil.h */; };
/* End PBXBuildFile section */

/* Begin PBXContainerItemProxy section */
		3E57FD0D1DFB1A0900D9E189 /* PBXContainerItemProxy */ = {
			isa = PBXContainerItemProxy;
			containerPortal = 3E57FD091DFB1A0900D9E189 /* freetype2.xcodeproj */;
			proxyType = 2;
			remoteGlobalIDString = 6382B1B10FB0FC5100ECAC02;
			remoteInfo = Freetype2;
		};
		3E57FD0F1DFB1A1200D9E189 /* PBXContainerItemProxy */ = {
			isa = PBXContainerItemProxy;
			containerPortal = 3E57FD091DFB1A0900D9E189 /* freetype2.xcodeproj */;
			proxyType = 1;
			remoteGlobalIDString = 6382B1B00FB0FC5100ECAC02;
			remoteInfo = Freetype2;
		};
/* End PBXContainerItemProxy section */

/* Begin PBXFileReference section */
		3E57F1451DFB0EE500D9E189 /* glext.h */ = {isa = PBXFileReference; fileEncoding = 4; lastKnownFileType = sourcecode.c.h; path = glext.h; sourceTree = "<group>"; };
		3E57F1461DFB0EE500D9E189 /* wglext.h */ = {isa = PBXFileReference; fileEncoding = 4; lastKnownFileType = sourcecode.c.h; path = wglext.h; sourceTree = "<group>"; };
		3E57F2D91DFB0EE500D9E189 /* pugiconfig.hpp */ = {isa = PBXFileReference; fileEncoding = 4; lastKnownFileType = sourcecode.cpp.h; path = pugiconfig.hpp; sourceTree = "<group>"; };
		3E57F2DA1DFB0EE500D9E189 /* pugixml.cpp */ = {isa = PBXFileReference; fileEncoding = 4; lastKnownFileType = sourcecode.cpp.cpp; path = pugixml.cpp; sourceTree = "<group>"; };
		3E57F2DB1DFB0EE500D9E189 /* pugixml.hpp */ = {isa = PBXFileReference; fileEncoding = 4; lastKnownFileType = sourcecode.cpp.h; path = pugixml.hpp; sourceTree = "<group>"; };
		3E57F8651DFB14C500D9E189 /* png.c */ = {isa = PBXFileReference; fileEncoding = 4; lastKnownFileType = sourcecode.c.c; path = png.c; sourceTree = "<group>"; };
		3E57F8661DFB14C500D9E189 /* png.h */ = {isa = PBXFileReference; fileEncoding = 4; lastKnownFileType = sourcecode.c.h; path = png.h; sourceTree = "<group>"; };
		3E57F8671DFB14C500D9E189 /* pngconf.h */ = {isa = PBXFileReference; fileEncoding = 4; lastKnownFileType = sourcecode.c.h; path = pngconf.h; sourceTree = "<group>"; };
		3E57F8681DFB14C500D9E189 /* pngerror.c */ = {isa = PBXFileReference; fileEncoding = 4; lastKnownFileType = sourcecode.c.c; path = pngerror.c; sourceTree = "<group>"; };
		3E57F8691DFB14C500D9E189 /* pnggccrd.c */ = {isa = PBXFileReference; fileEncoding = 4; lastKnownFileType = sourcecode.c.c; path = pnggccrd.c; sourceTree = "<group>"; };
		3E57F86A1DFB14C500D9E189 /* pngget.c */ = {isa = PBXFileReference; fileEncoding = 4; lastKnownFileType = sourcecode.c.c; path = pngget.c; sourceTree = "<group>"; };
		3E57F86B1DFB14C500D9E189 /* pngmem.c */ = {isa = PBXFileReference; fileEncoding = 4; lastKnownFileType = sourcecode.c.c; path = pngmem.c; sourceTree = "<group>"; };
		3E57F86C1DFB14C500D9E189 /* pngpread.c */ = {isa = PBXFileReference; fileEncoding = 4; lastKnownFileType = sourcecode.c.c; path = pngpread.c; sourceTree = "<group>"; };
		3E57F86D1DFB14C500D9E189 /* pngread.c */ = {isa = PBXFileReference; fileEncoding = 4; lastKnownFileType = sourcecode.c.c; path = pngread.c; sourceTree = "<group>"; };
		3E57F86E1DFB14C500D9E189 /* pngrio.c */ = {isa = PBXFileReference; fileEncoding = 4; lastKnownFileType = sourcecode.c.c; path = pngrio.c; sourceTree = "<group>"; };
		3E57F86F1DFB14C500D9E189 /* pngrtran.c */ = {isa = PBXFileReference; fileEncoding = 4; lastKnownFileType = sourcecode.c.c; path = pngrtran.c; sourceTree = "<group>"; };
		3E57F8701DFB14C500D9E189 /* pngrutil.c */ = {isa = PBXFileReference; fileEncoding = 4; lastKnownFileType = sourcecode.c.c; path = pngrutil.c; sourceTree = "<group>"; };
		3E57F8711DFB14C500D9E189 /* pngset.c */ = {isa = PBXFileReference; fileEncoding = 4; lastKnownFileType = sourcecode.c.c; path = pngset.c; sourceTree = "<group>"; };
		3E57F8721DFB14C500D9E189 /* pngtest.c */ = {isa = PBXFileReference; fileEncoding = 4; lastKnownFileType = sourcecode.c.c; path = pngtest.c; sourceTree = "<group>"; };
		3E57F8731DFB14C500D9E189 /* pngtrans.c */ = {isa = PBXFileReference; fileEncoding = 4; lastKnownFileType = sourcecode.c.c; path = pngtrans.c; sourceTree = "<group>"; };
		3E57F8741DFB14C500D9E189 /* pngvcrd.c */ = {isa = PBXFileReference; fileEncoding = 4; lastKnownFileType = sourcecode.c.c; path = pngvcrd.c; sourceTree = "<group>"; };
		3E57F8751DFB14C500D9E189 /* pngwio.c */ = {isa = PBXFileReference; fileEncoding = 4; lastKnownFileType = sourcecode.c.c; path = pngwio.c; sourceTree = "<group>"; };
		3E57F8761DFB14C500D9E189 /* pngwrite.c */ = {isa = PBXFileReference; fileEncoding = 4; lastKnownFileType = sourcecode.c.c; path = pngwrite.c; sourceTree = "<group>"; };
		3E57F8771DFB14C500D9E189 /* pngwtran.c */ = {isa = PBXFileReference; fileEncoding = 4; lastKnownFileType = sourcecode.c.c; path = pngwtran.c; sourceTree = "<group>"; };
		3E57F8781DFB14C500D9E189 /* pngwutil.c */ = {isa = PBXFileReference; fileEncoding = 4; lastKnownFileType = sourcecode.c.c; path = pngwutil.c; sourceTree = "<group>"; };
		3E57F87A1DFB14C500D9E189 /* adler32.c */ = {isa = PBXFileReference; fileEncoding = 4; lastKnownFileType = sourcecode.c.c; path = adler32.c; sourceTree = "<group>"; };
		3E57F87B1DFB14C500D9E189 /* compress.c */ = {isa = PBXFileReference; fileEncoding = 4; lastKnownFileType = sourcecode.c.c; path = compress.c; sourceTree = "<group>"; };
		3E57F87C1DFB14C500D9E189 /* crc32.c */ = {isa = PBXFileReference; fileEncoding = 4; lastKnownFileType = sourcecode.c.c; path = crc32.c; sourceTree = "<group>"; };
		3E57F87D1DFB14C500D9E189 /* crc32.h */ = {isa = PBXFileReference; fileEncoding = 4; lastKnownFileType = sourcecode.c.h; path = crc32.h; sourceTree = "<group>"; };
		3E57F87E1DFB14C500D9E189 /* crypt.h */ = {isa = PBXFileReference; fileEncoding = 4; lastKnownFileType = sourcecode.c.h; path = crypt.h; sourceTree = "<group>"; };
		3E57F87F1DFB14C500D9E189 /* deflate.c */ = {isa = PBXFileReference; fileEncoding = 4; lastKnownFileType = sourcecode.c.c; path = deflate.c; sourceTree = "<group>"; };
		3E57F8801DFB14C500D9E189 /* deflate.h */ = {isa = PBXFileReference; fileEncoding = 4; lastKnownFileType = sourcecode.c.h; path = deflate.h; sourceTree = "<group>"; };
		3E57F8811DFB14C500D9E189 /* gzio.c */ = {isa = PBXFileReference; fileEncoding = 4; lastKnownFileType = sourcecode.c.c; path = gzio.c; sourceTree = "<group>"; };
		3E57F8821DFB14C500D9E189 /* infback.c */ = {isa = PBXFileReference; fileEncoding = 4; lastKnownFileType = sourcecode.c.c; path = infback.c; sourceTree = "<group>"; };
		3E57F8831DFB14C500D9E189 /* inffast.c */ = {isa = PBXFileReference; fileEncoding = 4; lastKnownFileType = sourcecode.c.c; path = inffast.c; sourceTree = "<group>"; };
		3E57F8841DFB14C500D9E189 /* inffast.h */ = {isa = PBXFileReference; fileEncoding = 4; lastKnownFileType = sourcecode.c.h; path = inffast.h; sourceTree = "<group>"; };
		3E57F8851DFB14C500D9E189 /* inffixed.h */ = {isa = PBXFileReference; fileEncoding = 4; lastKnownFileType = sourcecode.c.h; path = inffixed.h; sourceTree = "<group>"; };
		3E57F8861DFB14C500D9E189 /* inflate.c */ = {isa = PBXFileReference; fileEncoding = 4; lastKnownFileType = sourcecode.c.c; path = inflate.c; sourceTree = "<group>"; };
		3E57F8871DFB14C500D9E189 /* inflate.h */ = {isa = PBXFileReference; fileEncoding = 4; lastKnownFileType = sourcecode.c.h; path = inflate.h; sourceTree = "<group>"; };
		3E57F8881DFB14C500D9E189 /* inftrees.c */ = {isa = PBXFileReference; fileEncoding = 4; lastKnownFileType = sourcecode.c.c; path = inftrees.c; sourceTree = "<group>"; };
		3E57F8891DFB14C500D9E189 /* inftrees.h */ = {isa = PBXFileReference; fileEncoding = 4; lastKnownFileType = sourcecode.c.h; path = inftrees.h; sourceTree = "<group>"; };
		3E57F88A1DFB14C500D9E189 /* ioapi.c */ = {isa = PBXFileReference; fileEncoding = 4; lastKnownFileType = sourcecode.c.c; path = ioapi.c; sourceTree = "<group>"; };
		3E57F88B1DFB14C500D9E189 /* ioapi.h */ = {isa = PBXFileReference; fileEncoding = 4; lastKnownFileType = sourcecode.c.h; path = ioapi.h; sourceTree = "<group>"; };
		3E57F88C1DFB14C500D9E189 /* trees.c */ = {isa = PBXFileReference; fileEncoding = 4; lastKnownFileType = sourcecode.c.c; path = trees.c; sourceTree = "<group>"; };
		3E57F88D1DFB14C500D9E189 /* trees.h */ = {isa = PBXFileReference; fileEncoding = 4; lastKnownFileType = sourcecode.c.h; path = trees.h; sourceTree = "<group>"; };
		3E57F88E1DFB14C500D9E189 /* uncompr.c */ = {isa = PBXFileReference; fileEncoding = 4; lastKnownFileType = sourcecode.c.c; path = uncompr.c; sourceTree = "<group>"; };
		3E57F88F1DFB14C500D9E189 /* unzip.c */ = {isa = PBXFileReference; fileEncoding = 4; lastKnownFileType = sourcecode.c.c; path = unzip.c; sourceTree = "<group>"; };
		3E57F8901DFB14C500D9E189 /* unzip.h */ = {isa = PBXFileReference; fileEncoding = 4; lastKnownFileType = sourcecode.c.h; path = unzip.h; sourceTree = "<group>"; };
		3E57F8911DFB14C500D9E189 /* zconf.h */ = {isa = PBXFileReference; fileEncoding = 4; lastKnownFileType = sourcecode.c.h; path = zconf.h; sourceTree = "<group>"; };
		3E57F8921DFB14C500D9E189 /* zconf.in.h */ = {isa = PBXFileReference; fileEncoding = 4; lastKnownFileType = sourcecode.c.h; path = zconf.in.h; sourceTree = "<group>"; };
		3E57F8931DFB14C500D9E189 /* zip.c */ = {isa = PBXFileReference; fileEncoding = 4; lastKnownFileType = sourcecode.c.c; path = zip.c; sourceTree = "<group>"; };
		3E57F8941DFB14C500D9E189 /* zip.h */ = {isa = PBXFileReference; fileEncoding = 4; lastKnownFileType = sourcecode.c.h; path = zip.h; sourceTree = "<group>"; };
		3E57F8951DFB14C500D9E189 /* zlib.h */ = {isa = PBXFileReference; fileEncoding = 4; lastKnownFileType = sourcecode.c.h; path = zlib.h; sourceTree = "<group>"; };
		3E57F8961DFB14C500D9E189 /* zutil.c */ = {isa = PBXFileReference; fileEncoding = 4; lastKnownFileType = sourcecode.c.c; path = zutil.c; sourceTree = "<group>"; };
		3E57F8971DFB14C500D9E189 /* zutil.h */ = {isa = PBXFileReference; fileEncoding = 4; lastKnownFileType = sourcecode.c.h; path = zutil.h; sourceTree = "<group>"; };
		3E57FD091DFB1A0900D9E189 /* freetype2.xcodeproj */ = {isa = PBXFileReference; lastKnownFileType = "wrapper.pb-project"; name = freetype2.xcodeproj; path = FreeType/freetype2.xcodeproj; sourceTree = "<group>"; };
		3E8003BC1DFB0DD000C62FDE /* dependencies.a */ = {isa = PBXFileReference; explicitFileType = archive.ar; includeInIndex = 0; path = dependencies.a; sourceTree = BUILT_PRODUCTS_DIR; };
/* End PBXFileReference section */

/* Begin PBXFrameworksBuildPhase section */
		3E8003B91DFB0DD000C62FDE /* Frameworks */ = {
			isa = PBXFrameworksBuildPhase;
			buildActionMask = 2147483647;
			files = (
			);
			runOnlyForDeploymentPostprocessing = 0;
		};
/* End PBXFrameworksBuildPhase section */

/* Begin PBXGroup section */
		3E57F1441DFB0EE400D9E189 /* OpenGL */ = {
			isa = PBXGroup;
			children = (
				3E57F1451DFB0EE500D9E189 /* glext.h */,
				3E57F1461DFB0EE500D9E189 /* wglext.h */,
			);
			name = OpenGL;
			path = ../dependencies/OpenGL;
			sourceTree = "<group>";
		};
		3E57F2D81DFB0EE500D9E189 /* pugixml */ = {
			isa = PBXGroup;
			children = (
				3E57F2D91DFB0EE500D9E189 /* pugiconfig.hpp */,
				3E57F2DA1DFB0EE500D9E189 /* pugixml.cpp */,
				3E57F2DB1DFB0EE500D9E189 /* pugixml.hpp */,
			);
			name = pugixml;
			path = ../dependencies/pugixml;
			sourceTree = "<group>";
		};
		3E57F8641DFB14C500D9E189 /* libpng */ = {
			isa = PBXGroup;
			children = (
				3E57F8651DFB14C500D9E189 /* png.c */,
				3E57F8661DFB14C500D9E189 /* png.h */,
				3E57F8671DFB14C500D9E189 /* pngconf.h */,
				3E57F8681DFB14C500D9E189 /* pngerror.c */,
				3E57F8691DFB14C500D9E189 /* pnggccrd.c */,
				3E57F86A1DFB14C500D9E189 /* pngget.c */,
				3E57F86B1DFB14C500D9E189 /* pngmem.c */,
				3E57F86C1DFB14C500D9E189 /* pngpread.c */,
				3E57F86D1DFB14C500D9E189 /* pngread.c */,
				3E57F86E1DFB14C500D9E189 /* pngrio.c */,
				3E57F86F1DFB14C500D9E189 /* pngrtran.c */,
				3E57F8701DFB14C500D9E189 /* pngrutil.c */,
				3E57F8711DFB14C500D9E189 /* pngset.c */,
				3E57F8721DFB14C500D9E189 /* pngtest.c */,
				3E57F8731DFB14C500D9E189 /* pngtrans.c */,
				3E57F8741DFB14C500D9E189 /* pngvcrd.c */,
				3E57F8751DFB14C500D9E189 /* pngwio.c */,
				3E57F8761DFB14C500D9E189 /* pngwrite.c */,
				3E57F8771DFB14C500D9E189 /* pngwtran.c */,
				3E57F8781DFB14C500D9E189 /* pngwutil.c */,
			);
			name = libpng;
			path = ../dependencies/libpng;
			sourceTree = "<group>";
		};
		3E57F8791DFB14C500D9E189 /* Zlib */ = {
			isa = PBXGroup;
			children = (
				3E57F87A1DFB14C500D9E189 /* adler32.c */,
				3E57F87B1DFB14C500D9E189 /* compress.c */,
				3E57F87C1DFB14C500D9E189 /* crc32.c */,
				3E57F87D1DFB14C500D9E189 /* crc32.h */,
				3E57F87E1DFB14C500D9E189 /* crypt.h */,
				3E57F87F1DFB14C500D9E189 /* deflate.c */,
				3E57F8801DFB14C500D9E189 /* deflate.h */,
				3E57F8811DFB14C500D9E189 /* gzio.c */,
				3E57F8821DFB14C500D9E189 /* infback.c */,
				3E57F8831DFB14C500D9E189 /* inffast.c */,
				3E57F8841DFB14C500D9E189 /* inffast.h */,
				3E57F8851DFB14C500D9E189 /* inffixed.h */,
				3E57F8861DFB14C500D9E189 /* inflate.c */,
				3E57F8871DFB14C500D9E189 /* inflate.h */,
				3E57F8881DFB14C500D9E189 /* inftrees.c */,
				3E57F8891DFB14C500D9E189 /* inftrees.h */,
				3E57F88A1DFB14C500D9E189 /* ioapi.c */,
				3E57F88B1DFB14C500D9E189 /* ioapi.h */,
				3E57F88C1DFB14C500D9E189 /* trees.c */,
				3E57F88D1DFB14C500D9E189 /* trees.h */,
				3E57F88E1DFB14C500D9E189 /* uncompr.c */,
				3E57F88F1DFB14C500D9E189 /* unzip.c */,
				3E57F8901DFB14C500D9E189 /* unzip.h */,
				3E57F8911DFB14C500D9E189 /* zconf.h */,
				3E57F8921DFB14C500D9E189 /* zconf.in.h */,
				3E57F8931DFB14C500D9E189 /* zip.c */,
				3E57F8941DFB14C500D9E189 /* zip.h */,
				3E57F8951DFB14C500D9E189 /* zlib.h */,
				3E57F8961DFB14C500D9E189 /* zutil.c */,
				3E57F8971DFB14C500D9E189 /* zutil.h */,
			);
			name = Zlib;
			path = ../dependencies/zlib;
			sourceTree = "<group>";
		};
		3E57FD0A1DFB1A0900D9E189 /* Products */ = {
			isa = PBXGroup;
			children = (
				3E57FD0E1DFB1A0900D9E189 /* libFreetype2.a */,
			);
			name = Products;
			sourceTree = "<group>";
		};
		3E8003B31DFB0DD000C62FDE = {
			isa = PBXGroup;
			children = (
				3E57FD091DFB1A0900D9E189 /* freetype2.xcodeproj */,
				3E57F8641DFB14C500D9E189 /* libpng */,
				3E57F8791DFB14C500D9E189 /* Zlib */,
				3E57F1441DFB0EE400D9E189 /* OpenGL */,
				3E57F2D81DFB0EE500D9E189 /* pugixml */,
				3E8003BD1DFB0DD000C62FDE /* Products */,
			);
			sourceTree = "<group>";
		};
		3E8003BD1DFB0DD000C62FDE /* Products */ = {
			isa = PBXGroup;
			children = (
				3E8003BC1DFB0DD000C62FDE /* dependencies.a */,
			);
			name = Products;
			sourceTree = "<group>";
		};
/* End PBXGroup section */

/* Begin PBXHeadersBuildPhase section */
		3E8003BA1DFB0DD000C62FDE /* Headers */ = {
			isa = PBXHeadersBuildPhase;
			buildActionMask = 2147483647;
			files = (
				3E57F8C61DFB14C500D9E189 /* zip.h in Headers */,
				3E57F8B61DFB14C500D9E189 /* inffast.h in Headers */,
				3E57F8991DFB14C500D9E189 /* png.h in Headers */,
				3E57F8C91DFB14C500D9E189 /* zutil.h in Headers */,
				3E57F8B91DFB14C500D9E189 /* inflate.h in Headers */,
				3E57F8C21DFB14C500D9E189 /* unzip.h in Headers */,
				3E57F8C71DFB14C500D9E189 /* zlib.h in Headers */,
				3E57F8C31DFB14C500D9E189 /* zconf.h in Headers */,
				3E57F8BF1DFB14C500D9E189 /* trees.h in Headers */,
				3E57F4E91DFB0EE600D9E189 /* wglext.h in Headers */,
				3E57F89A1DFB14C500D9E189 /* pngconf.h in Headers */,
				3E57F4E81DFB0EE600D9E189 /* glext.h in Headers */,
				3E57F6151DFB0EE700D9E189 /* pugixml.hpp in Headers */,
				3E57F8BD1DFB14C500D9E189 /* ioapi.h in Headers */,
				3E57F8C41DFB14C500D9E189 /* zconf.in.h in Headers */,
				3E57F8B71DFB14C500D9E189 /* inffixed.h in Headers */,
				3E57F6131DFB0EE700D9E189 /* pugiconfig.hpp in Headers */,
				3E57F8AF1DFB14C500D9E189 /* crc32.h in Headers */,
				3E57F8BB1DFB14C500D9E189 /* inftrees.h in Headers */,
				3E57F8B21DFB14C500D9E189 /* deflate.h in Headers */,
				3E57F8B01DFB14C500D9E189 /* crypt.h in Headers */,
			);
			runOnlyForDeploymentPostprocessing = 0;
		};
/* End PBXHeadersBuildPhase section */

/* Begin PBXNativeTarget section */
		3E8003BB1DFB0DD000C62FDE /* dependencies */ = {
			isa = PBXNativeTarget;
			buildConfigurationList = 3E8003C71DFB0DD000C62FDE /* Build configuration list for PBXNativeTarget "dependencies" */;
			buildPhases = (
				3E8003B81DFB0DD000C62FDE /* Sources */,
				3E8003B91DFB0DD000C62FDE /* Frameworks */,
				3E8003BA1DFB0DD000C62FDE /* Headers */,
			);
			buildRules = (
			);
			dependencies = (
				3E57FD101DFB1A1200D9E189 /* PBXTargetDependency */,
			);
			name = dependencies;
			productName = dependencies;
			productReference = 3E8003BC1DFB0DD000C62FDE /* dependencies.a */;
			productType = "com.apple.product-type.library.static";
		};
/* End PBXNativeTarget section */

/* Begin PBXProject section */
		3E8003B41DFB0DD000C62FDE /* Project object */ = {
			isa = PBXProject;
			attributes = {
				LastUpgradeCheck = 0810;
				ORGANIZATIONNAME = "Зенкович Андрей Николаевич";
				TargetAttributes = {
					3E8003BB1DFB0DD000C62FDE = {
						CreatedOnToolsVersion = 8.1;
						ProvisioningStyle = Automatic;
					};
				};
			};
			buildConfigurationList = 3E8003B71DFB0DD000C62FDE /* Build configuration list for PBXProject "dependencies" */;
			compatibilityVersion = "Xcode 3.2";
			developmentRegion = English;
			hasScannedForEncodings = 0;
			knownRegions = (
				en,
			);
			mainGroup = 3E8003B31DFB0DD000C62FDE;
			productRefGroup = 3E8003BD1DFB0DD000C62FDE /* Products */;
			projectDirPath = "";
			projectReferences = (
				{
					ProductGroup = 3E57FD0A1DFB1A0900D9E189 /* Products */;
					ProjectRef = 3E57FD091DFB1A0900D9E189 /* freetype2.xcodeproj */;
				},
			);
			projectRoot = "";
			targets = (
				3E8003BB1DFB0DD000C62FDE /* dependencies */,
			);
		};
/* End PBXProject section */

/* Begin PBXReferenceProxy section */
		3E57FD0E1DFB1A0900D9E189 /* libFreetype2.a */ = {
			isa = PBXReferenceProxy;
			fileType = archive.ar;
			path = libFreetype2.a;
			remoteRef = 3E57FD0D1DFB1A0900D9E189 /* PBXContainerItemProxy */;
			sourceTree = BUILT_PRODUCTS_DIR;
		};
/* End PBXReferenceProxy section */

/* Begin PBXSourcesBuildPhase section */
		3E8003B81DFB0DD000C62FDE /* Sources */ = {
			isa = PBXSourcesBuildPhase;
			buildActionMask = 2147483647;
			files = (
				3E57F8C51DFB14C500D9E189 /* zip.c in Sources */,
				3E57F8B31DFB14C500D9E189 /* gzio.c in Sources */,
				3E57F8AB1DFB14C500D9E189 /* pngwutil.c in Sources */,
				3E57F89B1DFB14C500D9E189 /* pngerror.c in Sources */,
				3E57F8BE1DFB14C500D9E189 /* trees.c in Sources */,
				3E57F8BA1DFB14C500D9E189 /* inftrees.c in Sources */,
				3E57F8B51DFB14C500D9E189 /* inffast.c in Sources */,
				3E57F6141DFB0EE700D9E189 /* pugixml.cpp in Sources */,
				3E57F8A41DFB14C500D9E189 /* pngset.c in Sources */,
				3E57F8A91DFB14C500D9E189 /* pngwrite.c in Sources */,
				3E57F8AA1DFB14C500D9E189 /* pngwtran.c in Sources */,
				3E57F8C01DFB14C500D9E189 /* uncompr.c in Sources */,
				3E57F8A31DFB14C500D9E189 /* pngrutil.c in Sources */,
				3E57F8981DFB14C500D9E189 /* png.c in Sources */,
				3E57F8BC1DFB14C500D9E189 /* ioapi.c in Sources */,
				3E57F8C11DFB14C500D9E189 /* unzip.c in Sources */,
				3E57F8A21DFB14C500D9E189 /* pngrtran.c in Sources */,
				3E57F8A01DFB14C500D9E189 /* pngread.c in Sources */,
				3E57F89F1DFB14C500D9E189 /* pngpread.c in Sources */,
				3E57F8A71DFB14C500D9E189 /* pngvcrd.c in Sources */,
				3E57F8A11DFB14C500D9E189 /* pngrio.c in Sources */,
				3E57F8B11DFB14C500D9E189 /* deflate.c in Sources */,
				3E57F8AD1DFB14C500D9E189 /* compress.c in Sources */,
				3E57F8B81DFB14C500D9E189 /* inflate.c in Sources */,
				3E57F89E1DFB14C500D9E189 /* pngmem.c in Sources */,
				3E57F8A61DFB14C500D9E189 /* pngtrans.c in Sources */,
				3E57F89C1DFB14C500D9E189 /* pnggccrd.c in Sources */,
				3E57F8AE1DFB14C500D9E189 /* crc32.c in Sources */,
				3E57F8A81DFB14C500D9E189 /* pngwio.c in Sources */,
				3E57F8A51DFB14C500D9E189 /* pngtest.c in Sources */,
				3E57F8C81DFB14C500D9E189 /* zutil.c in Sources */,
				3E57F89D1DFB14C500D9E189 /* pngget.c in Sources */,
				3E57F8B41DFB14C500D9E189 /* infback.c in Sources */,
				3E57F8AC1DFB14C500D9E189 /* adler32.c in Sources */,
			);
			runOnlyForDeploymentPostprocessing = 0;
		};
/* End PBXSourcesBuildPhase section */

/* Begin PBXTargetDependency section */
		3E57FD101DFB1A1200D9E189 /* PBXTargetDependency */ = {
			isa = PBXTargetDependency;
			name = Freetype2;
			targetProxy = 3E57FD0F1DFB1A1200D9E189 /* PBXContainerItemProxy */;
		};
/* End PBXTargetDependency section */

/* Begin XCBuildConfiguration section */
		3E8003C51DFB0DD000C62FDE /* Debug */ = {
			isa = XCBuildConfiguration;
			buildSettings = {
				ALWAYS_SEARCH_USER_PATHS = NO;
				CLANG_ANALYZER_NONNULL = YES;
				CLANG_CXX_LANGUAGE_STANDARD = "gnu++0x";
				CLANG_CXX_LIBRARY = "libc++";
				CLANG_ENABLE_MODULES = YES;
				CLANG_ENABLE_OBJC_ARC = YES;
				CLANG_WARN_BOOL_CONVERSION = YES;
				CLANG_WARN_CONSTANT_CONVERSION = YES;
				CLANG_WARN_DIRECT_OBJC_ISA_USAGE = YES_ERROR;
				CLANG_WARN_DOCUMENTATION_COMMENTS = YES;
				CLANG_WARN_EMPTY_BODY = YES;
				CLANG_WARN_ENUM_CONVERSION = YES;
				CLANG_WARN_INFINITE_RECURSION = YES;
				CLANG_WARN_INT_CONVERSION = YES;
				CLANG_WARN_OBJC_ROOT_CLASS = YES_ERROR;
				CLANG_WARN_SUSPICIOUS_MOVES = YES;
				CLANG_WARN_UNREACHABLE_CODE = YES;
				CLANG_WARN__DUPLICATE_METHOD_MATCH = YES;
				CODE_SIGN_IDENTITY = "-";
				COPY_PHASE_STRIP = NO;
				DEBUG_INFORMATION_FORMAT = dwarf;
				ENABLE_STRICT_OBJC_MSGSEND = YES;
				ENABLE_TESTABILITY = YES;
				GCC_C_LANGUAGE_STANDARD = gnu99;
				GCC_DYNAMIC_NO_PIC = NO;
				GCC_NO_COMMON_BLOCKS = YES;
				GCC_OPTIMIZATION_LEVEL = 0;
				GCC_PREPROCESSOR_DEFINITIONS = (
					"DEBUG=1",
					"$(inherited)",
				);
				GCC_WARN_64_TO_32_BIT_CONVERSION = YES;
				GCC_WARN_ABOUT_RETURN_TYPE = YES_ERROR;
				GCC_WARN_UNDECLARED_SELECTOR = YES;
				GCC_WARN_UNINITIALIZED_AUTOS = YES_AGGRESSIVE;
				GCC_WARN_UNUSED_FUNCTION = YES;
				GCC_WARN_UNUSED_VARIABLE = YES;
				MACOSX_DEPLOYMENT_TARGET = 10.12;
				MTL_ENABLE_DEBUG_INFO = YES;
				ONLY_ACTIVE_ARCH = YES;
				SDKROOT = macosx;
			};
			name = Debug;
		};
		3E8003C61DFB0DD000C62FDE /* Release */ = {
			isa = XCBuildConfiguration;
			buildSettings = {
				ALWAYS_SEARCH_USER_PATHS = NO;
				CLANG_ANALYZER_NONNULL = YES;
				CLANG_CXX_LANGUAGE_STANDARD = "gnu++0x";
				CLANG_CXX_LIBRARY = "libc++";
				CLANG_ENABLE_MODULES = YES;
				CLANG_ENABLE_OBJC_ARC = YES;
				CLANG_WARN_BOOL_CONVERSION = YES;
				CLANG_WARN_CONSTANT_CONVERSION = YES;
				CLANG_WARN_DIRECT_OBJC_ISA_USAGE = YES_ERROR;
				CLANG_WARN_DOCUMENTATION_COMMENTS = YES;
				CLANG_WARN_EMPTY_BODY = YES;
				CLANG_WARN_ENUM_CONVERSION = YES;
				CLANG_WARN_INFINITE_RECURSION = YES;
				CLANG_WARN_INT_CONVERSION = YES;
				CLANG_WARN_OBJC_ROOT_CLASS = YES_ERROR;
				CLANG_WARN_SUSPICIOUS_MOVES = YES;
				CLANG_WARN_UNREACHABLE_CODE = YES;
				CLANG_WARN__DUPLICATE_METHOD_MATCH = YES;
				CODE_SIGN_IDENTITY = "-";
				COPY_PHASE_STRIP = NO;
				DEBUG_INFORMATION_FORMAT = "dwarf-with-dsym";
				ENABLE_NS_ASSERTIONS = NO;
				ENABLE_STRICT_OBJC_MSGSEND = YES;
				GCC_C_LANGUAGE_STANDARD = gnu99;
				GCC_NO_COMMON_BLOCKS = YES;
				GCC_WARN_64_TO_32_BIT_CONVERSION = YES;
				GCC_WARN_ABOUT_RETURN_TYPE = YES_ERROR;
				GCC_WARN_UNDECLARED_SELECTOR = YES;
				GCC_WARN_UNINITIALIZED_AUTOS = YES_AGGRESSIVE;
				GCC_WARN_UNUSED_FUNCTION = YES;
				GCC_WARN_UNUSED_VARIABLE = YES;
				MACOSX_DEPLOYMENT_TARGET = 10.12;
				MTL_ENABLE_DEBUG_INFO = NO;
				SDKROOT = macosx;
			};
			name = Release;
		};
		3E8003C81DFB0DD000C62FDE /* Debug */ = {
			isa = XCBuildConfiguration;
			buildSettings = {
				CONFIGURATION_BUILD_DIR = lib;
				EXECUTABLE_PREFIX = "";
				GCC_ENABLE_CPP_EXCEPTIONS = YES;
				GCC_ENABLE_CPP_RTTI = YES;
				HEADER_SEARCH_PATHS = ../dependencies/;
				PRODUCT_NAME = "$(TARGET_NAME)";
				USE_HEADERMAP = NO;
			};
			name = Debug;
		};
		3E8003C91DFB0DD000C62FDE /* Release */ = {
			isa = XCBuildConfiguration;
			buildSettings = {
				CONFIGURATION_BUILD_DIR = lib;
				EXECUTABLE_PREFIX = "";
				GCC_ENABLE_CPP_EXCEPTIONS = YES;
				GCC_ENABLE_CPP_RTTI = YES;
				HEADER_SEARCH_PATHS = ../dependencies/;
				PRODUCT_NAME = "$(TARGET_NAME)";
				USE_HEADERMAP = NO;
			};
			name = Release;
		};
/* End XCBuildConfiguration section */

/* Begin XCConfigurationList section */
		3E8003B71DFB0DD000C62FDE /* Build configuration list for PBXProject "dependencies" */ = {
			isa = XCConfigurationList;
			buildConfigurations = (
				3E8003C51DFB0DD000C62FDE /* Debug */,
				3E8003C61DFB0DD000C62FDE /* Release */,
			);
			defaultConfigurationIsVisible = 0;
			defaultConfigurationName = Release;
		};
		3E8003C71DFB0DD000C62FDE /* Build configuration list for PBXNativeTarget "dependencies" */ = {
			isa = XCConfigurationList;
			buildConfigurations = (
				3E8003C81DFB0DD000C62FDE /* Debug */,
				3E8003C91DFB0DD000C62FDE /* Release */,
			);
			defaultConfigurationIsVisible = 0;
			defaultConfigurationName = Release;
		};
/* End XCConfigurationList section */
	};
	rootObject = 3E8003B41DFB0DD000C62FDE /* Project object */;
}
